
Microsoft Visual Studio Solution File, Format Version 12.00
# Visual Studio Version 17
VisualStudioVersion = 17.5.002.0
MinimumVisualStudioVersion = 10.0.40219.1
Project("{9A19103F-16F7-4668-BE54-9A1E7A4F7556}") = "simplified-wineapps-installer", "simplified-wineapps-installer.csproj", "{455E2CBB-A23B-425F-A07F-D6B66ED96038}"
EndProject
Global
	GlobalSection(SolutionConfigurationPlatforms) = preSolution
		Debug|Any CPU = Debug|Any CPU
		Release|Any CPU = Release|Any CPU
	EndGlobalSection
	GlobalSection(ProjectConfigurationPlatforms) = postSolution
		{455E2CBB-A23B-425F-A07F-D6B66ED96038}.Debug|Any CPU.ActiveCfg = Debug|Any CPU
		{455E2CBB-A23B-425F-A07F-D6B66ED96038}.Debug|Any CPU.Build.0 = Debug|Any CPU
		{455E2CBB-A23B-425F-A07F-D6B66ED96038}.Release|Any CPU.ActiveCfg = Release|Any CPU
		{455E2CBB-A23B-425F-A07F-D6B66ED96038}.Release|Any CPU.Build.0 = Release|Any CPU
	EndGlobalSection
	GlobalSection(SolutionProperties) = preSolution
		HideSolutionNode = FALSE
	EndGlobalSection
	GlobalSection(ExtensibilityGlobals) = postSolution
		SolutionGuid = {ED6A496D-01B2-4D93-B29C-C4645EBE11F7}
	EndGlobalSection
EndGlobal
